Microsoft Visual Studio Solution File, Format Version 12.00
Project("{FAE04EC0-301F-11D3-BF4B-00C04F79EFBC}") = "api-gateway", "backend\api-gateway\api-gateway.csproj", "{DD630EB1-4F54-49C1-BFD5-6BDE60C4B83A}"
EndProject
Project("{FAE04EC0-301F-11D3-BF4B-00C04F79EFBC}") = "grains", "backend\grains\grains.csproj", "{7C4E2F9A-811C-4E8F-8BE8-FEA5BCE8A99C}"
EndProject
Project("{FAE04EC0-301F-11D3-BF4B-00C04F79EFBC}") = "orleans-silo", "backend\orleans-silo\orleans-silo.csproj", "{EA9AEF76-1734-4045-849E-34C6B38E3A4D}"
EndProject
Project("{2150E333-8FDC-42A3-9474-1A3956D46DE8}") = "ShareLib", "ShareLib", "{497B1FA8-F761-484F-941F-4ABF56FAF6F8}"
EndProject
Project("{FAE04EC0-301F-11D3-BF4B-00C04F79EFBC}") = "common", "backend\shared-libs\common\common.csproj", "{3675EC56-65AD-4A88-B022-845D642B3AE5}"
EndProject
Project("{FAE04EC0-301F-11D3-BF4B-00C04F79EFBC}") = "contracts", "backend\shared-libs\contracts\contracts.csproj", "{E804AD23-C631-4789-885B-B89B09BF64D5}"
EndProject
Project("{FAE04EC0-301F-11D3-BF4B-00C04F79EFBC}") = "igrains", "backend\shared-libs\igrains\igrains.csproj", "{A616AB00-2DEB-4DD1-AEB5-5A5D3A084E34}"
EndProject
Global
	GlobalSection(ProjectConfigurationPlatforms) = postSolution
		{DD630EB1-4F54-49C1-BFD5-6BDE60C4B83A}.Debug|Any CPU.ActiveCfg = Debug|Any CPU
		{DD630EB1-4F54-49C1-BFD5-6BDE60C4B83A}.Debug|Any CPU.Build.0 = Debug|Any CPU
		{DD630EB1-4F54-49C1-BFD5-6BDE60C4B83A}.Release|Any CPU.ActiveCfg = Release|Any CPU
		{DD630EB1-4F54-49C1-BFD5-6BDE60C4B83A}.Release|Any CPU.Build.0 = Release|Any CPU
		{3675EC56-65AD-4A88-B022-845D642B3AE5}.Debug|Any CPU.ActiveCfg = Debug|Any CPU
		{3675EC56-65AD-4A88-B022-845D642B3AE5}.Debug|Any CPU.Build.0 = Debug|Any CPU
		{3675EC56-65AD-4A88-B022-845D642B3AE5}.Release|Any CPU.ActiveCfg = Release|Any CPU
		{3675EC56-65AD-4A88-B022-845D642B3AE5}.Release|Any CPU.Build.0 = Release|Any CPU
		{E804AD23-C631-4789-885B-B89B09BF64D5}.Debug|Any CPU.ActiveCfg = Debug|Any CPU
		{E804AD23-C631-4789-885B-B89B09BF64D5}.Debug|Any CPU.Build.0 = Debug|Any CPU
		{E804AD23-C631-4789-885B-B89B09BF64D5}.Release|Any CPU.ActiveCfg = Release|Any CPU
		{E804AD23-C631-4789-885B-B89B09BF64D5}.Release|Any CPU.Build.0 = Release|Any CPU
		{7C4E2F9A-811C-4E8F-8BE8-FEA5BCE8A99C}.Debug|Any CPU.ActiveCfg = Debug|Any CPU
		{7C4E2F9A-811C-4E8F-8BE8-FEA5BCE8A99C}.Debug|Any CPU.Build.0 = Debug|Any CPU
		{7C4E2F9A-811C-4E8F-8BE8-FEA5BCE8A99C}.Release|Any CPU.ActiveCfg = Release|Any CPU
		{7C4E2F9A-811C-4E8F-8BE8-FEA5BCE8A99C}.Release|Any CPU.Build.0 = Release|Any CPU
		{A616AB00-2DEB-4DD1-AEB5-5A5D3A084E34}.Debug|Any CPU.ActiveCfg = Debug|Any CPU
		{A616AB00-2DEB-4DD1-AEB5-5A5D3A084E34}.Debug|Any CPU.Build.0 = Debug|Any CPU
		{A616AB00-2DEB-4DD1-AEB5-5A5D3A084E34}.Release|Any CPU.ActiveCfg = Release|Any CPU
		{A616AB00-2DEB-4DD1-AEB5-5A5D3A084E34}.Release|Any CPU.Build.0 = Release|Any CPU
		{EA9AEF76-1734-4045-849E-34C6B38E3A4D}.Debug|Any CPU.ActiveCfg = Debug|Any CPU
		{EA9AEF76-1734-4045-849E-34C6B38E3A4D}.Debug|Any CPU.Build.0 = Debug|Any CPU
		{EA9AEF76-1734-4045-849E-34C6B38E3A4D}.Release|Any CPU.ActiveCfg = Release|Any CPU
		{EA9AEF76-1734-4045-849E-34C6B38E3A4D}.Release|Any CPU.Build.0 = Release|Any CPU
	EndGlobalSection
	GlobalSection(NestedProjects) = preSolution
		{3675EC56-65AD-4A88-B022-845D642B3AE5} = {497B1FA8-F761-484F-941F-4ABF56FAF6F8}
		{E804AD23-C631-4789-885B-B89B09BF64D5} = {497B1FA8-F761-484F-941F-4ABF56FAF6F8}
		{A616AB00-2DEB-4DD1-AEB5-5A5D3A084E34} = {497B1FA8-F761-484F-941F-4ABF56FAF6F8}
	EndGlobalSection
	GlobalSection(SolutionConfigurationPlatforms) = preSolution
		Debug|Any CPU = Debug|Any CPU
		Release|Any CPU = Release|Any CPU
	EndGlobalSection
EndGlobal
