Microsoft Visual Studio Solution File, Format Version 12.00
Project("{FAE04EC0-301F-11D3-BF4B-00C04F79EFBC}") = "Nilarea.WebApi", "backend\Nilarea.WebApi\Nilarea.WebApi.csproj", "{DD630EB1-4F54-49C1-BFD5-6BDE60C4B83A}"
EndProject
Project("{FAE04EC0-301F-11D3-BF4B-00C04F79EFBC}") = "Nilarea.Account", "backend\services\Nilarea.Account\Nilarea.Account.csproj", "{7C4E2F9A-811C-4E8F-8BE8-FEA5BCE8A99C}"
EndProject
Project("{FAE04EC0-301F-11D3-BF4B-00C04F79EFBC}") = "Nilarea.Blog", "backend\services\Nilarea.Blog\Nilarea.Blog.csproj", "{EA9AEF76-1734-4045-849E-34C6B38E3A4D}"
EndProject
Project("{2150E333-8FDC-42A3-9474-1A3956D46DE8}") = "Library", "Library", "{497B1FA8-F761-484F-941F-4ABF56FAF6F8}"
EndProject
Project("{FAE04EC0-301F-11D3-BF4B-00C04F79EFBC}") = "Nilarea.Common", "backend\shared\Nilarea.Common\Nilarea.Common.csproj", "{3675EC56-65AD-4A88-B022-845D642B3AE5}"
EndProject
Project("{FAE04EC0-301F-11D3-BF4B-00C04F79EFBC}") = "Nilarea.Contracts", "backend\shared\Nilarea.Contracts\Nilarea.Contracts.csproj", "{E804AD23-C631-4789-885B-B89B09BF64D5}"
EndProject
Project("{2150E333-8FDC-42A3-9474-1A3956D46DE8}") = "Solotion Items", "Solotion Items", "{228EA779-118B-4386-9394-3FB0BBF0EFD6}"
	ProjectSection(SolutionItems) = preProject
		.gitignore = .gitignore
		Graph.md = Graph.md
	EndProjectSection
EndProject
Project("{2150E333-8FDC-42A3-9474-1A3956D46DE8}") = "Services", "Services", "{1A93193C-D015-4B4A-86F0-AF7A275681A4}"
EndProject
Project("{FAE04EC0-301F-11D3-BF4B-00C04F79EFBC}") = "Nilarea.Generator", "backend\shared\Nilarea.Generator\Nilarea.Generator.csproj", "{61FBB352-844F-49F1-A285-D15A35AE2F4C}"
EndProject
Global
	GlobalSection(ProjectConfigurationPlatforms) = postSolution
		{DD630EB1-4F54-49C1-BFD5-6BDE60C4B83A}.Debug|Any CPU.ActiveCfg = Debug|Any CPU
		{DD630EB1-4F54-49C1-BFD5-6BDE60C4B83A}.Debug|Any CPU.Build.0 = Debug|Any CPU
		{DD630EB1-4F54-49C1-BFD5-6BDE60C4B83A}.Release|Any CPU.ActiveCfg = Release|Any CPU
		{DD630EB1-4F54-49C1-BFD5-6BDE60C4B83A}.Release|Any CPU.Build.0 = Release|Any CPU
		{3675EC56-65AD-4A88-B022-845D642B3AE5}.Debug|Any CPU.ActiveCfg = Debug|Any CPU
		{3675EC56-65AD-4A88-B022-845D642B3AE5}.Debug|Any CPU.Build.0 = Debug|Any CPU
		{3675EC56-65AD-4A88-B022-845D642B3AE5}.Release|Any CPU.ActiveCfg = Release|Any CPU
		{3675EC56-65AD-4A88-B022-845D642B3AE5}.Release|Any CPU.Build.0 = Release|Any CPU
		{E804AD23-C631-4789-885B-B89B09BF64D5}.Debug|Any CPU.ActiveCfg = Debug|Any CPU
		{E804AD23-C631-4789-885B-B89B09BF64D5}.Debug|Any CPU.Build.0 = Debug|Any CPU
		{E804AD23-C631-4789-885B-B89B09BF64D5}.Release|Any CPU.ActiveCfg = Release|Any CPU
		{E804AD23-C631-4789-885B-B89B09BF64D5}.Release|Any CPU.Build.0 = Release|Any CPU
		{7C4E2F9A-811C-4E8F-8BE8-FEA5BCE8A99C}.Debug|Any CPU.ActiveCfg = Debug|Any CPU
		{7C4E2F9A-811C-4E8F-8BE8-FEA5BCE8A99C}.Debug|Any CPU.Build.0 = Debug|Any CPU
		{7C4E2F9A-811C-4E8F-8BE8-FEA5BCE8A99C}.Release|Any CPU.ActiveCfg = Release|Any CPU
		{7C4E2F9A-811C-4E8F-8BE8-FEA5BCE8A99C}.Release|Any CPU.Build.0 = Release|Any CPU
		{EA9AEF76-1734-4045-849E-34C6B38E3A4D}.Debug|Any CPU.ActiveCfg = Debug|Any CPU
		{EA9AEF76-1734-4045-849E-34C6B38E3A4D}.Debug|Any CPU.Build.0 = Debug|Any CPU
		{EA9AEF76-1734-4045-849E-34C6B38E3A4D}.Release|Any CPU.ActiveCfg = Release|Any CPU
		{EA9AEF76-1734-4045-849E-34C6B38E3A4D}.Release|Any CPU.Build.0 = Release|Any CPU
		{61FBB352-844F-49F1-A285-D15A35AE2F4C}.Debug|Any CPU.ActiveCfg = Debug|Any CPU
		{61FBB352-844F-49F1-A285-D15A35AE2F4C}.Debug|Any CPU.Build.0 = Debug|Any CPU
		{61FBB352-844F-49F1-A285-D15A35AE2F4C}.Release|Any CPU.ActiveCfg = Release|Any CPU
		{61FBB352-844F-49F1-A285-D15A35AE2F4C}.Release|Any CPU.Build.0 = Release|Any CPU
	EndGlobalSection
	GlobalSection(NestedProjects) = preSolution
		{3675EC56-65AD-4A88-B022-845D642B3AE5} = {497B1FA8-F761-484F-941F-4ABF56FAF6F8}
		{E804AD23-C631-4789-885B-B89B09BF64D5} = {497B1FA8-F761-484F-941F-4ABF56FAF6F8}
		{7C4E2F9A-811C-4E8F-8BE8-FEA5BCE8A99C} = {1A93193C-D015-4B4A-86F0-AF7A275681A4}
		{EA9AEF76-1734-4045-849E-34C6B38E3A4D} = {1A93193C-D015-4B4A-86F0-AF7A275681A4}
		{61FBB352-844F-49F1-A285-D15A35AE2F4C} = {497B1FA8-F761-484F-941F-4ABF56FAF6F8}
	EndGlobalSection
	GlobalSection(SolutionConfigurationPlatforms) = preSolution
		Debug|Any CPU = Debug|Any CPU
		Release|Any CPU = Release|Any CPU
	EndGlobalSection
EndGlobal
